// !$*UTF8*$!
{
	archiveVersion = 1;
	classes = {
	};
	objectVersion = 56;
	objects = {

/* Begin PBXBuildFile section */
		A987B93329C164D300DD8860 /* AppDelegate.swift in Sources */ = {isa = PBXBuildFile; fileRef = A987B93229C164D300DD8860 /* AppDelegate.swift */; };
		A987B93529C164D300DD8860 /* SceneDelegate.swift in Sources */ = {isa = PBXBuildFile; fileRef = A987B93429C164D300DD8860 /* SceneDelegate.swift */; };
		A987B93729C164D300DD8860 /* ViewController.swift in Sources */ = {isa = PBXBuildFile; fileRef = A987B93629C164D300DD8860 /* ViewController.swift */; };
		A987B93A29C164D300DD8860 /* Main.storyboard in Resources */ = {isa = PBXBuildFile; fileRef = A987B93829C164D300DD8860 /* Main.storyboard */; };
		A987B93C29C164D300DD8860 /* Assets.xcassets in Resources */ = {isa = PBXBuildFile; fileRef = A987B93B29C164D300DD8860 /* Assets.xcassets */; };
		A987B93F29C164D300DD8860 /* LaunchScreen.storyboard in Resources */ = {isa = PBXBuildFile; fileRef = A987B93D29C164D300DD8860 /* LaunchScreen.storyboard */; };
		A987B94729C175C900DD8860 /* GameViewController.swift in Sources */ = {isa = PBXBuildFile; fileRef = A987B94629C175C900DD8860 /* GameViewController.swift */; };
		A9F2E9922A24458100F99BAB /* wordlist.rtf in Resources */ = {isa = PBXBuildFile; fileRef = A9F2E9912A24458100F99BAB /* wordlist.rtf */; };
		A9F2E9962A244D2300F99BAB /* academics.rtf in Resources */ = {isa = PBXBuildFile; fileRef = A9F2E9952A244D2300F99BAB /* academics.rtf */; };
		A9F2E9982A244DCA00F99BAB /* cars.rtf in Resources */ = {isa = PBXBuildFile; fileRef = A9F2E9972A244DCA00F99BAB /* cars.rtf */; };
		A9F2E99C2A244E4B00F99BAB /* food.rtf in Resources */ = {isa = PBXBuildFile; fileRef = A9F2E99B2A244E4B00F99BAB /* food.rtf */; };
		A9F2E99E2A244E6200F99BAB /* household objects.rtf in Resources */ = {isa = PBXBuildFile; fileRef = A9F2E99D2A244E6200F99BAB /* household objects.rtf */; };
		A9F2E9A02A244E7700F99BAB /* life.rtf in Resources */ = {isa = PBXBuildFile; fileRef = A9F2E99F2A244E7700F99BAB /* life.rtf */; };
		A9F2E9A22A244E8F00F99BAB /* movies and television.rtf in Resources */ = {isa = PBXBuildFile; fileRef = A9F2E9A12A244E8F00F99BAB /* movies and television.rtf */; };
		A9F2E9A42A244EA200F99BAB /* sports.rtf in Resources */ = {isa = PBXBuildFile; fileRef = A9F2E9A32A244EA200F99BAB /* sports.rtf */; };
		A9F2E9A62A244EB800F99BAB /* the great outdoors.rtf in Resources */ = {isa = PBXBuildFile; fileRef = A9F2E9A52A244EB800F99BAB /* the great outdoors.rtf */; };
		A9F2E9A82A244FD800F99BAB /* famous people.rtf in Resources */ = {isa = PBXBuildFile; fileRef = A9F2E9A72A244FD800F99BAB /* famous people.rtf */; };
/* End PBXBuildFile section */

/* Begin PBXFileReference section */
		A987B92F29C164D300DD8860 /* SnatchClause.app */ = {isa = PBXFileReference; explicitFileType = wrapper.application; includeInIndex = 0; path = SnatchClause.app; sourceTree = BUILT_PRODUCTS_DIR; };
		A987B93229C164D300DD8860 /* AppDelegate.swift */ = {isa = PBXFileReference; lastKnownFileType = sourcecode.swift; path = AppDelegate.swift; sourceTree = "<group>"; };
		A987B93429C164D300DD8860 /* SceneDelegate.swift */ = {isa = PBXFileReference; lastKnownFileType = sourcecode.swift; path = SceneDelegate.swift; sourceTree = "<group>"; };
		A987B93629C164D300DD8860 /* ViewController.swift */ = {isa = PBXFileReference; lastKnownFileType = sourcecode.swift; path = ViewController.swift; sourceTree = "<group>"; };
		A987B93929C164D300DD8860 /* Base */ = {isa = PBXFileReference; lastKnownFileType = file.storyboard; name = Base; path = Base.lproj/Main.storyboard; sourceTree = "<group>"; };
		A987B93B29C164D300DD8860 /* Assets.xcassets */ = {isa = PBXFileReference; lastKnownFileType = folder.assetcatalog; path = Assets.xcassets; sourceTree = "<group>"; };
		A987B93E29C164D300DD8860 /* Base */ = {isa = PBXFileReference; lastKnownFileType = file.storyboard; name = Base; path = Base.lproj/LaunchScreen.storyboard; sourceTree = "<group>"; };
		A987B94029C164D300DD8860 /* Info.plist */ = {isa = PBXFileReference; lastKnownFileType = text.plist.xml; path = Info.plist; sourceTree = "<group>"; };
		A987B94629C175C900DD8860 /* GameViewController.swift */ = {isa = PBXFileReference; lastKnownFileType = sourcecode.swift; path = GameViewController.swift; sourceTree = "<group>"; };
		A9F2E9912A24458100F99BAB /* wordlist.rtf */ = {isa = PBXFileReference; lastKnownFileType = text.rtf; path = wordlist.rtf; sourceTree = "<group>"; };
		A9F2E9952A244D2300F99BAB /* academics.rtf */ = {isa = PBXFileReference; lastKnownFileType = text.rtf; path = academics.rtf; sourceTree = "<group>"; };
		A9F2E9972A244DCA00F99BAB /* cars.rtf */ = {isa = PBXFileReference; lastKnownFileType = text.rtf; path = cars.rtf; sourceTree = "<group>"; };
		A9F2E99B2A244E4B00F99BAB /* food.rtf */ = {isa = PBXFileReference; lastKnownFileType = text.rtf; path = food.rtf; sourceTree = "<group>"; };
		A9F2E99D2A244E6200F99BAB /* household objects.rtf */ = {isa = PBXFileReference; lastKnownFileType = text.rtf; path = "household objects.rtf"; sourceTree = "<group>"; };
		A9F2E99F2A244E7700F99BAB /* life.rtf */ = {isa = PBXFileReference; lastKnownFileType = text.rtf; path = life.rtf; sourceTree = "<group>"; };
		A9F2E9A12A244E8F00F99BAB /* movies and television.rtf */ = {isa = PBXFileReference; lastKnownFileType = text.rtf; path = "movies and television.rtf"; sourceTree = "<group>"; };
		A9F2E9A32A244EA200F99BAB /* sports.rtf */ = {isa = PBXFileReference; lastKnownFileType = text.rtf; path = sports.rtf; sourceTree = "<group>"; };
		A9F2E9A52A244EB800F99BAB /* the great outdoors.rtf */ = {isa = PBXFileReference; lastKnownFileType = text.rtf; path = "the great outdoors.rtf"; sourceTree = "<group>"; };
		A9F2E9A72A244FD800F99BAB /* famous people.rtf */ = {isa = PBXFileReference; lastKnownFileType = text.rtf; path = "famous people.rtf"; sourceTree = "<group>"; };
/* End PBXFileReference section */

/* Begin PBXFrameworksBuildPhase section */
		A987B92C29C164D300DD8860 /* Frameworks */ = {
			isa = PBXFrameworksBuildPhase;
			buildActionMask = 2147483647;
			files = (
			);
			runOnlyForDeploymentPostprocessing = 0;
		};
/* End PBXFrameworksBuildPhase section */

/* Begin PBXGroup section */
		A987B92629C164D300DD8860 = {
			isa = PBXGroup;
			children = (
				A9F2E9A72A244FD800F99BAB /* famous people.rtf */,
				A987B93129C164D300DD8860 /* SnatchClause */,
				A987B93029C164D300DD8860 /* Products */,
			);
			sourceTree = "<group>";
		};
		A987B93029C164D300DD8860 /* Products */ = {
			isa = PBXGroup;
			children = (
				A987B92F29C164D300DD8860 /* SnatchClause.app */,
			);
			name = Products;
			sourceTree = "<group>";
		};
		A987B93129C164D300DD8860 /* SnatchClause */ = {
			isa = PBXGroup;
			children = (
				A987B93229C164D300DD8860 /* AppDelegate.swift */,
				A987B93429C164D300DD8860 /* SceneDelegate.swift */,
				A987B93629C164D300DD8860 /* ViewController.swift */,
				A9F2E99B2A244E4B00F99BAB /* food.rtf */,
				A9F2E99D2A244E6200F99BAB /* household objects.rtf */,
				A9F2E99F2A244E7700F99BAB /* life.rtf */,
				A9F2E9A12A244E8F00F99BAB /* movies and television.rtf */,
				A9F2E9A32A244EA200F99BAB /* sports.rtf */,
				A9F2E9A52A244EB800F99BAB /* the great outdoors.rtf */,
				A9F2E9972A244DCA00F99BAB /* cars.rtf */,
				A9F2E9952A244D2300F99BAB /* academics.rtf */,
				A9F2E9912A24458100F99BAB /* wordlist.rtf */,
				A987B93829C164D300DD8860 /* Main.storyboard */,
				A987B94629C175C900DD8860 /* GameViewController.swift */,
				A987B93B29C164D300DD8860 /* Assets.xcassets */,
				A987B93D29C164D300DD8860 /* LaunchScreen.storyboard */,
				A987B94029C164D300DD8860 /* Info.plist */,
			);
			path = SnatchClause;
			sourceTree = "<group>";
		};
/* End PBXGroup section */

/* Begin PBXNativeTarget section */
		A987B92E29C164D300DD8860 /* SnatchClause */ = {
			isa = PBXNativeTarget;
			buildConfigurationList = A987B94329C164D300DD8860 /* Build configuration list for PBXNativeTarget "SnatchClause" */;
			buildPhases = (
				A987B92B29C164D300DD8860 /* Sources */,
				A987B92C29C164D300DD8860 /* Frameworks */,
				A987B92D29C164D300DD8860 /* Resources */,
			);
			buildRules = (
			);
			dependencies = (
			);
			name = SnatchClause;
			productName = SnatchClause;
			productReference = A987B92F29C164D300DD8860 /* SnatchClause.app */;
			productType = "com.apple.product-type.application";
		};
/* End PBXNativeTarget section */

/* Begin PBXProject section */
		A987B92729C164D300DD8860 /* Project object */ = {
			isa = PBXProject;
			attributes = {
				BuildIndependentTargetsInParallel = 1;
				LastSwiftUpdateCheck = 1400;
				LastUpgradeCheck = 1400;
				TargetAttributes = {
					A987B92E29C164D300DD8860 = {
						CreatedOnToolsVersion = 14.0.1;
					};
				};
			};
			buildConfigurationList = A987B92A29C164D300DD8860 /* Build configuration list for PBXProject "SnatchClause" */;
			compatibilityVersion = "Xcode 14.0";
			developmentRegion = en;
			hasScannedForEncodings = 0;
			knownRegions = (
				en,
				Base,
			);
			mainGroup = A987B92629C164D300DD8860;
			productRefGroup = A987B93029C164D300DD8860 /* Products */;
			projectDirPath = "";
			projectRoot = "";
			targets = (
				A987B92E29C164D300DD8860 /* SnatchClause */,
			);
		};
/* End PBXProject section */

/* Begin PBXResourcesBuildPhase section */
		A987B92D29C164D300DD8860 /* Resources */ = {
			isa = PBXResourcesBuildPhase;
			buildActionMask = 2147483647;
			files = (
				A987B93F29C164D300DD8860 /* LaunchScreen.storyboard in Resources */,
				A9F2E9982A244DCA00F99BAB /* cars.rtf in Resources */,
				A9F2E9A82A244FD800F99BAB /* famous people.rtf in Resources */,
				A9F2E99C2A244E4B00F99BAB /* food.rtf in Resources */,
				A9F2E9962A244D2300F99BAB /* academics.rtf in Resources */,
				A9F2E9A02A244E7700F99BAB /* life.rtf in Resources */,
				A987B93C29C164D300DD8860 /* Assets.xcassets in Resources */,
				A9F2E99E2A244E6200F99BAB /* household objects.rtf in Resources */,
				A9F2E9922A24458100F99BAB /* wordlist.rtf in Resources */,
				A9F2E9A22A244E8F00F99BAB /* movies and television.rtf in Resources */,
				A987B93A29C164D300DD8860 /* Main.storyboard in Resources */,
				A9F2E9A62A244EB800F99BAB /* the great outdoors.rtf in Resources */,
				A9F2E9A42A244EA200F99BAB /* sports.rtf in Resources */,
			);
			runOnlyForDeploymentPostprocessing = 0;
		};
/* End PBXResourcesBuildPhase section */

/* Begin PBXSourcesBuildPhase section */
		A987B92B29C164D300DD8860 /* Sources */ = {
			isa = PBXSourcesBuildPhase;
			buildActionMask = 2147483647;
			files = (
				A987B94729C175C900DD8860 /* GameViewController.swift in Sources */,
				A987B93729C164D300DD8860 /* ViewController.swift in Sources */,
				A987B93329C164D300DD8860 /* AppDelegate.swift in Sources */,
				A987B93529C164D300DD8860 /* SceneDelegate.swift in Sources */,
			);
			runOnlyForDeploymentPostprocessing = 0;
		};
/* End PBXSourcesBuildPhase section */

/* Begin PBXVariantGroup section */
		A987B93829C164D300DD8860 /* Main.storyboard */ = {
			isa = PBXVariantGroup;
			children = (
				A987B93929C164D300DD8860 /* Base */,
			);
			name = Main.storyboard;
			sourceTree = "<group>";
		};
		A987B93D29C164D300DD8860 /* LaunchScreen.storyboard */ = {
			isa = PBXVariantGroup;
			children = (
				A987B93E29C164D300DD8860 /* Base */,
			);
			name = LaunchScreen.storyboard;
			sourceTree = "<group>";
		};
/* End PBXVariantGroup section */

/* Begin XCBuildConfiguration section */
		A987B94129C164D300DD8860 /* Debug */ = {
			isa = XCBuildConfiguration;
			buildSettings = {
				ALWAYS_SEARCH_USER_PATHS = NO;
				CLANG_ANALYZER_NONNULL = YES;
				CLANG_ANALYZER_NUMBER_OBJECT_CONVERSION = YES_AGGRESSIVE;
				CLANG_CXX_LANGUAGE_STANDARD = "gnu++20";
				CLANG_ENABLE_MODULES = YES;
				CLANG_ENABLE_OBJC_ARC = YES;
				CLANG_ENABLE_OBJC_WEAK = YES;
				CLANG_WARN_BLOCK_CAPTURE_AUTORELEASING = YES;
				CLANG_WARN_BOOL_CONVERSION = YES;
				CLANG_WARN_COMMA = YES;
				CLANG_WARN_CONSTANT_CONVERSION = YES;
				CLANG_WARN_DEPRECATED_OBJC_IMPLEMENTATIONS = YES;
				CLANG_WARN_DIRECT_OBJC_ISA_USAGE = YES_ERROR;
				CLANG_WARN_DOCUMENTATION_COMMENTS = YES;
				CLANG_WARN_EMPTY_BODY = YES;
				CLANG_WARN_ENUM_CONVERSION = YES;
				CLANG_WARN_INFINITE_RECURSION = YES;
				CLANG_WARN_INT_CONVERSION = YES;
				CLANG_WARN_NON_LITERAL_NULL_CONVERSION = YES;
				CLANG_WARN_OBJC_IMPLICIT_RETAIN_SELF = YES;
				CLANG_WARN_OBJC_LITERAL_CONVERSION = YES;
				CLANG_WARN_OBJC_ROOT_CLASS = YES_ERROR;
				CLANG_WARN_QUOTED_INCLUDE_IN_FRAMEWORK_HEADER = YES;
				CLANG_WARN_RANGE_LOOP_ANALYSIS = YES;
				CLANG_WARN_STRICT_PROTOTYPES = YES;
				CLANG_WARN_SUSPICIOUS_MOVE = YES;
				CLANG_WARN_UNGUARDED_AVAILABILITY = YES_AGGRESSIVE;
				CLANG_WARN_UNREACHABLE_CODE = YES;
				CLANG_WARN__DUPLICATE_METHOD_MATCH = YES;
				COPY_PHASE_STRIP = NO;
				DEBUG_INFORMATION_FORMAT = dwarf;
				ENABLE_STRICT_OBJC_MSGSEND = YES;
				ENABLE_TESTABILITY = YES;
				GCC_C_LANGUAGE_STANDARD = gnu11;
				GCC_DYNAMIC_NO_PIC = NO;
				GCC_NO_COMMON_BLOCKS = YES;
				GCC_OPTIMIZATION_LEVEL = 0;
				GCC_PREPROCESSOR_DEFINITIONS = (
					"DEBUG=1",
					"$(inherited)",
				);
				GCC_WARN_64_TO_32_BIT_CONVERSION = YES;
				GCC_WARN_ABOUT_RETURN_TYPE = YES_ERROR;
				GCC_WARN_UNDECLARED_SELECTOR = YES;
				GCC_WARN_UNINITIALIZED_AUTOS = YES_AGGRESSIVE;
				GCC_WARN_UNUSED_FUNCTION = YES;
				GCC_WARN_UNUSED_VARIABLE = YES;
				IPHONEOS_DEPLOYMENT_TARGET = 16.0;
				MTL_ENABLE_DEBUG_INFO = INCLUDE_SOURCE;
				MTL_FAST_MATH = YES;
				ONLY_ACTIVE_ARCH = YES;
				SDKROOT = iphoneos;
				SWIFT_ACTIVE_COMPILATION_CONDITIONS = DEBUG;
				SWIFT_OPTIMIZATION_LEVEL = "-Onone";
			};
			name = Debug;
		};
		A987B94229C164D300DD8860 /* Release */ = {
			isa = XCBuildConfiguration;
			buildSettings = {
				ALWAYS_SEARCH_USER_PATHS = NO;
				CLANG_ANALYZER_NONNULL = YES;
				CLANG_ANALYZER_NUMBER_OBJECT_CONVERSION = YES_AGGRESSIVE;
				CLANG_CXX_LANGUAGE_STANDARD = "gnu++20";
				CLANG_ENABLE_MODULES = YES;
				CLANG_ENABLE_OBJC_ARC = YES;
				CLANG_ENABLE_OBJC_WEAK = YES;
				CLANG_WARN_BLOCK_CAPTURE_AUTORELEASING = YES;
				CLANG_WARN_BOOL_CONVERSION = YES;
				CLANG_WARN_COMMA = YES;
				CLANG_WARN_CONSTANT_CONVERSION = YES;
				CLANG_WARN_DEPRECATED_OBJC_IMPLEMENTATIONS = YES;
				CLANG_WARN_DIRECT_OBJC_ISA_USAGE = YES_ERROR;
				CLANG_WARN_DOCUMENTATION_COMMENTS = YES;
				CLANG_WARN_EMPTY_BODY = YES;
				CLANG_WARN_ENUM_CONVERSION = YES;
				CLANG_WARN_INFINITE_RECURSION = YES;
				CLANG_WARN_INT_CONVERSION = YES;
				CLANG_WARN_NON_LITERAL_NULL_CONVERSION = YES;
				CLANG_WARN_OBJC_IMPLICIT_RETAIN_SELF = YES;
				CLANG_WARN_OBJC_LITERAL_CONVERSION = YES;
				CLANG_WARN_OBJC_ROOT_CLASS = YES_ERROR;
				CLANG_WARN_QUOTED_INCLUDE_IN_FRAMEWORK_HEADER = YES;
				CLANG_WARN_RANGE_LOOP_ANALYSIS = YES;
				CLANG_WARN_STRICT_PROTOTYPES = YES;
				CLANG_WARN_SUSPICIOUS_MOVE = YES;
				CLANG_WARN_UNGUARDED_AVAILABILITY = YES_AGGRESSIVE;
				CLANG_WARN_UNREACHABLE_CODE = YES;
				CLANG_WARN__DUPLICATE_METHOD_MATCH = YES;
				COPY_PHASE_STRIP = NO;
				DEBUG_INFORMATION_FORMAT = "dwarf-with-dsym";
				ENABLE_NS_ASSERTIONS = NO;
				ENABLE_STRICT_OBJC_MSGSEND = YES;
				GCC_C_LANGUAGE_STANDARD = gnu11;
				GCC_NO_COMMON_BLOCKS = YES;
				GCC_WARN_64_TO_32_BIT_CONVERSION = YES;
				GCC_WARN_ABOUT_RETURN_TYPE = YES_ERROR;
				GCC_WARN_UNDECLARED_SELECTOR = YES;
				GCC_WARN_UNINITIALIZED_AUTOS = YES_AGGRESSIVE;
				GCC_WARN_UNUSED_FUNCTION = YES;
				GCC_WARN_UNUSED_VARIABLE = YES;
				IPHONEOS_DEPLOYMENT_TARGET = 16.0;
				MTL_ENABLE_DEBUG_INFO = NO;
				MTL_FAST_MATH = YES;
				SDKROOT = iphoneos;
				SWIFT_COMPILATION_MODE = wholemodule;
				SWIFT_OPTIMIZATION_LEVEL = "-O";
				VALIDATE_PRODUCT = YES;
			};
			name = Release;
		};
		A987B94429C164D300DD8860 /* Debug */ = {
			isa = XCBuildConfiguration;
			buildSettings = {
				ASSETCATALOG_COMPILER_APPICON_NAME = AppIcon;
				ASSETCATALOG_COMPILER_GLOBAL_ACCENT_COLOR_NAME = AccentColor;
				CODE_SIGN_STYLE = Automatic;
				CURRENT_PROJECT_VERSION = 1;
				DEVELOPMENT_TEAM = 6ZS73877PD;
				GENERATE_INFOPLIST_FILE = YES;
				INFOPLIST_FILE = SnatchClause/Info.plist;
				INFOPLIST_KEY_UIApplicationSupportsIndirectInputEvents = YES;
				INFOPLIST_KEY_UILaunchStoryboardName = LaunchScreen;
				INFOPLIST_KEY_UIMainStoryboardFile = Main;
				INFOPLIST_KEY_UISupportedInterfaceOrientations_iPad = "UIInterfaceOrientationPortrait UIInterfaceOrientationPortraitUpsideDown UIInterfaceOrientationLandscapeLeft UIInterfaceOrientationLandscapeRight";
				INFOPLIST_KEY_UISupportedInterfaceOrientations_iPhone = "UIInterfaceOrientationPortrait UIInterfaceOrientationLandscapeLeft UIInterfaceOrientationLandscapeRight";
				LD_RUNPATH_SEARCH_PATHS = (
					"$(inherited)",
					"@executable_path/Frameworks",
				);
				MARKETING_VERSION = 1.0;
				PRODUCT_BUNDLE_IDENTIFIER = leeforbes.SnatchClause;
				PRODUCT_NAME = "$(TARGET_NAME)";
				SWIFT_EMIT_LOC_STRINGS = YES;
				SWIFT_VERSION = 5.0;
				TARGETED_DEVICE_FAMILY = "1,2";
			};
			name = Debug;
		};
		A987B94529C164D300DD8860 /* Release */ = {
			isa = XCBuildConfiguration;
			buildSettings = {
				ASSETCATALOG_COMPILER_APPICON_NAME = AppIcon;
				ASSETCATALOG_COMPILER_GLOBAL_ACCENT_COLOR_NAME = AccentColor;
				CODE_SIGN_STYLE = Automatic;
				CURRENT_PROJECT_VERSION = 1;
				DEVELOPMENT_TEAM = 6ZS73877PD;
				GENERATE_INFOPLIST_FILE = YES;
				INFOPLIST_FILE = SnatchClause/Info.plist;
				INFOPLIST_KEY_UIApplicationSupportsIndirectInputEvents = YES;
				INFOPLIST_KEY_UILaunchStoryboardName = LaunchScreen;
				INFOPLIST_KEY_UIMainStoryboardFile = Main;
				INFOPLIST_KEY_UISupportedInterfaceOrientations_iPad = "UIInterfaceOrientationPortrait UIInterfaceOrientationPortraitUpsideDown UIInterfaceOrientationLandscapeLeft UIInterfaceOrientationLandscapeRight";
				INFOPLIST_KEY_UISupportedInterfaceOrientations_iPhone = "UIInterfaceOrientationPortrait UIInterfaceOrientationLandscapeLeft UIInterfaceOrientationLandscapeRight";
				LD_RUNPATH_SEARCH_PATHS = (
					"$(inherited)",
					"@executable_path/Frameworks",
				);
				MARKETING_VERSION = 1.0;
				PRODUCT_BUNDLE_IDENTIFIER = leeforbes.SnatchClause;
				PRODUCT_NAME = "$(TARGET_NAME)";
				SWIFT_EMIT_LOC_STRINGS = YES;
				SWIFT_VERSION = 5.0;
				TARGETED_DEVICE_FAMILY = "1,2";
			};
			name = Release;
		};
/* End XCBuildConfiguration section */

/* Begin XCConfigurationList section */
		A987B92A29C164D300DD8860 /* Build configuration list for PBXProject "SnatchClause" */ = {
			isa = XCConfigurationList;
			buildConfigurations = (
				A987B94129C164D300DD8860 /* Debug */,
				A987B94229C164D300DD8860 /* Release */,
			);
			defaultConfigurationIsVisible = 0;
			defaultConfigurationName = Release;
		};
		A987B94329C164D300DD8860 /* Build configuration list for PBXNativeTarget "SnatchClause" */ = {
			isa = XCConfigurationList;
			buildConfigurations = (
				A987B94429C164D300DD8860 /* Debug */,
				A987B94529C164D300DD8860 /* Release */,
			);
			defaultConfigurationIsVisible = 0;
			defaultConfigurationName = Release;
		};
/* End XCConfigurationList section */
	};
	rootObject = A987B92729C164D300DD8860 /* Project object */;
}
